
Microsoft Visual Studio Solution File, Format Version 12.00
# Visual Studio 15
VisualStudioVersion = 15.0.27130.2010
MinimumVisualStudioVersion = 10.0.40219.1
Project("{FAE04EC0-301F-11D3-BF4B-00C04F79EFBC}") = "CockFighting.Web", "CockFighting.Web\CockFighting.Web.csproj", "{506F6090-CBB5-426B-9A05-9F8114B9CE43}"
EndProject
Project("{FAE04EC0-301F-11D3-BF4B-00C04F79EFBC}") = "CockFighting.OnePage", "CockFighting.OnePage\CockFighting.OnePage.csproj", "{F7601BD0-421D-4599-915F-05AB45DBAAE4}"
EndProject
Project("{FAE04EC0-301F-11D3-BF4B-00C04F79EFBC}") = "CockFighting.Lib", "CockFighting.Lib\CockFighting.Lib.csproj", "{36AF9124-E384-432D-9007-2BBFE1FABCF8}"
EndProject
Project("{FAE04EC0-301F-11D3-BF4B-00C04F79EFBC}") = "CockFighting.Api", "CockFighting.Api\CockFighting.Api.csproj", "{8B26E99F-D1B6-44D1-A0C9-8CAD76C43A10}"
EndProject
Global
	GlobalSection(SolutionConfigurationPlatforms) = preSolution
		Debug|Any CPU = Debug|Any CPU
		Release|Any CPU = Release|Any CPU
	EndGlobalSection
	GlobalSection(ProjectConfigurationPlatforms) = postSolution
		{506F6090-CBB5-426B-9A05-9F8114B9CE43}.Debug|Any CPU.ActiveCfg = Debug|Any CPU
		{506F6090-CBB5-426B-9A05-9F8114B9CE43}.Debug|Any CPU.Build.0 = Debug|Any CPU
		{506F6090-CBB5-426B-9A05-9F8114B9CE43}.Release|Any CPU.ActiveCfg = Release|Any CPU
		{506F6090-CBB5-426B-9A05-9F8114B9CE43}.Release|Any CPU.Build.0 = Release|Any CPU
		{F7601BD0-421D-4599-915F-05AB45DBAAE4}.Debug|Any CPU.ActiveCfg = Debug|Any CPU
		{F7601BD0-421D-4599-915F-05AB45DBAAE4}.Debug|Any CPU.Build.0 = Debug|Any CPU
		{F7601BD0-421D-4599-915F-05AB45DBAAE4}.Release|Any CPU.ActiveCfg = Release|Any CPU
		{F7601BD0-421D-4599-915F-05AB45DBAAE4}.Release|Any CPU.Build.0 = Release|Any CPU
		{36AF9124-E384-432D-9007-2BBFE1FABCF8}.Debug|Any CPU.ActiveCfg = Debug|Any CPU
		{36AF9124-E384-432D-9007-2BBFE1FABCF8}.Debug|Any CPU.Build.0 = Debug|Any CPU
		{36AF9124-E384-432D-9007-2BBFE1FABCF8}.Release|Any CPU.ActiveCfg = Release|Any CPU
		{36AF9124-E384-432D-9007-2BBFE1FABCF8}.Release|Any CPU.Build.0 = Release|Any CPU
		{8B26E99F-D1B6-44D1-A0C9-8CAD76C43A10}.Debug|Any CPU.ActiveCfg = Debug|Any CPU
		{8B26E99F-D1B6-44D1-A0C9-8CAD76C43A10}.Debug|Any CPU.Build.0 = Debug|Any CPU
		{8B26E99F-D1B6-44D1-A0C9-8CAD76C43A10}.Release|Any CPU.ActiveCfg = Release|Any CPU
		{8B26E99F-D1B6-44D1-A0C9-8CAD76C43A10}.Release|Any CPU.Build.0 = Release|Any CPU
	EndGlobalSection
	GlobalSection(SolutionProperties) = preSolution
		HideSolutionNode = FALSE
	EndGlobalSection
	GlobalSection(ExtensibilityGlobals) = postSolution
		SolutionGuid = {8595ACF9-1B6A-45EF-A078-F112F5088850}
	EndGlobalSection
EndGlobal
